
Microsoft Visual Studio Solution File, Format Version 12.00
# Visual Studio Version 16
VisualStudioVersion = 16.0.34601.136
MinimumVisualStudioVersion = 10.0.40219.1
Project("{FAE04EC0-301F-11D3-BF4B-00C04F79EFBC}") = "KutuphaneYeni", "KutuphaneYeni.csproj", "{481CA2B9-C044-476E-AAAC-800ED9EDD2B3}"
EndProject
Global
	GlobalSection(SolutionConfigurationPlatforms) = preSolution
		Debug|Any CPU = Debug|Any CPU
		Release|Any CPU = Release|Any CPU
	EndGlobalSection
	GlobalSection(ProjectConfigurationPlatforms) = postSolution
		{481CA2B9-C044-476E-AAAC-800ED9EDD2B3}.Debug|Any CPU.ActiveCfg = Debug|Any CPU
		{481CA2B9-C044-476E-AAAC-800ED9EDD2B3}.Debug|Any CPU.Build.0 = Debug|Any CPU
		{481CA2B9-C044-476E-AAAC-800ED9EDD2B3}.Release|Any CPU.ActiveCfg = Release|Any CPU
		{481CA2B9-C044-476E-AAAC-800ED9EDD2B3}.Release|Any CPU.Build.0 = Release|Any CPU
	EndGlobalSection
	GlobalSection(SolutionProperties) = preSolution
		HideSolutionNode = FALSE
	EndGlobalSection
	GlobalSection(ExtensibilityGlobals) = postSolution
		SolutionGuid = {D208B872-EF8E-442C-ADE1-0C63651F02A4}
	EndGlobalSection
EndGlobal
